
Microsoft Visual Studio Solution File, Format Version 12.00
# Visual Studio Version 17
VisualStudioVersion = 17.14.36414.22
MinimumVisualStudioVersion = 10.0.40219.1
Project("{2150E333-8FDC-42A3-9474-1A3956D46DE8}") = "Task0", "Task0", "{02EA681E-C7D8-13C7-8484-4AC65E1B71E8}"
EndProject
Project("{FAE04EC0-301F-11D3-BF4B-00C04F79EFBC}") = "Tyuiu.MalcevDV.Sprint0.Task0.V0", "Tyuiu.MalstevDV.Sprint0.Task0.V0\Tyuiu.MalcevDV.Sprint0.Task0.V0.csproj", "{36863EEA-DF77-47E0-A786-5D0B95A3F5AD}"
EndProject
Project("{2150E333-8FDC-42A3-9474-1A3956D46DE8}") = "Task1", "Task1", "{DDE586E3-2822-4F4D-B465-CCE742721713}"
EndProject
Project("{FAE04EC0-301F-11D3-BF4B-00C04F79EFBC}") = "Tyuiu.MalcevDV.Sprint0.Task1.V0", "Tyuiu.MalcevDV.Sprint0.Task1.V0\Tyuiu.MalcevDV.Sprint0.Task1.V0.csproj", "{CB5F0508-741B-4580-997B-3052B81A07B7}"
EndProject
Project("{2150E333-8FDC-42A3-9474-1A3956D46DE8}") = "Task2", "Task2", "{34398F7A-6D04-4EF7-8DCB-9EF4F888C771}"
EndProject
Project("{FAE04EC0-301F-11D3-BF4B-00C04F79EFBC}") = "Tyuiu.MalcevDV.Sprint0.Task2.V0", "Tyuiu.MalcevDV.Sprint0.Task2.V0\Tyuiu.MalcevDV.Sprint0.Task2.V0.csproj", "{6340839C-0A39-4265-A8B0-4D77210BFBE5}"
EndProject
Project("{FAE04EC0-301F-11D3-BF4B-00C04F79EFBC}") = "Tyuiu.MalcevDV.Sprint0.Task2.V0.Lib", "Tyuiu.MalcevDV.Sprint0.Task2.V0.Lib\Tyuiu.MalcevDV.Sprint0.Task2.V0.Lib.csproj", "{7554670F-DEE0-44E3-93BE-21C455F16F95}"
EndProject
Project("{FAE04EC0-301F-11D3-BF4B-00C04F79EFBC}") = "Tyuiu.MalcevDV.Sprint0.Task2.V0.Test", "Tyuiu.MalcevDV.Sprint0.Task2.V0.Test\Tyuiu.MalcevDV.Sprint0.Task2.V0.Test.csproj", "{C0FD6516-315E-4412-AD4C-4D9C4232643E}"
EndProject
Project("{2150E333-8FDC-42A3-9474-1A3956D46DE8}") = "Task3", "Task3", "{B10B27A3-9791-4C58-B6E8-A6D97A8AA63D}"
EndProject
Project("{FAE04EC0-301F-11D3-BF4B-00C04F79EFBC}") = "Tyuiu.MalcevDV.Sprint0.Task3.V0", "Tyuiu.MalcevDV.Sprint0.Task3.V0\Tyuiu.MalcevDV.Sprint0.Task3.V0.csproj", "{06A0FB43-E332-4AFF-BF37-3453A396299D}"
EndProject
Project("{FAE04EC0-301F-11D3-BF4B-00C04F79EFBC}") = "Tyuiu.MalcevDV.Sprint0.Task3.V0.Lib", "Tyuiu.MalcevDV.Sprint0.Task3.V0.Lib\Tyuiu.MalcevDV.Sprint0.Task3.V0.Lib.csproj", "{4A6E83EA-BF0C-4968-A316-4D121A42EF32}"
EndProject
Project("{FAE04EC0-301F-11D3-BF4B-00C04F79EFBC}") = "Tyuiu.MalcevDV.Sprint0.Task3.V0.Test", "Tyuiu.MalcevDV.Sprint0.Task3.V0.Test\Tyuiu.MalcevDV.Sprint0.Task3.V0.Test.csproj", "{44E03169-158A-4522-9F2C-412955689685}"
EndProject
Project("{2150E333-8FDC-42A3-9474-1A3956D46DE8}") = "Task4", "Task4", "{92B013B9-0FD4-4B29-9D2B-E1F8AFEE584B}"
EndProject
Project("{FAE04EC0-301F-11D3-BF4B-00C04F79EFBC}") = "Tyuiu.MalcevDV.Sprit0.Task4.V0", "Tyuiu.MalcevDV.Sprit0.Task4.V0\Tyuiu.MalcevDV.Sprit0.Task4.V0.csproj", "{6D93113C-35F1-4489-9A76-47E96DE4CBFB}"
EndProject
Project("{FAE04EC0-301F-11D3-BF4B-00C04F79EFBC}") = "Tyuiu.MalcevDV.Sprit0.Task4.V0.Test", "Tyuiu.MalcevDV.Sprit0.Task4.V0.Test\Tyuiu.MalcevDV.Sprit0.Task4.V0.Test.csproj", "{17E57AAB-1E53-479F-A566-07D246D0B7CF}"
EndProject
Project("{FAE04EC0-301F-11D3-BF4B-00C04F79EFBC}") = "Tyuiu.MalcevDV.Sprit0.Task4.V0.Lib", "Tyuiu.MalcevDV.Sprit0.Task4.V0.Lib\Tyuiu.MalcevDV.Sprit0.Task4.V0.Lib.csproj", "{0E4BC031-92E4-46C8-A935-47D7107154DB}"
EndProject
Project("{2150E333-8FDC-42A3-9474-1A3956D46DE8}") = "Task5", "Task5", "{672C0B32-3A05-4E24-9374-DF39DF5B81F2}"
EndProject
Project("{FAE04EC0-301F-11D3-BF4B-00C04F79EFBC}") = "Tyuiu.MalcevDV.Sprint0.Task5.V0", "Tyuiu.MalcevDV.Sprint0.Task5.V0\Tyuiu.MalcevDV.Sprint0.Task5.V0.csproj", "{5A4A1AF6-2140-42D4-AB56-8101DF322BD4}"
EndProject
Project("{FAE04EC0-301F-11D3-BF4B-00C04F79EFBC}") = "Tyuiu.MalcevDV.Sprint0.Task5.V0.Lib", "Tyuiu.MalcevDV.Sprint0.Task5.V0.Lib\Tyuiu.MalcevDV.Sprint0.Task5.V0.Lib.csproj", "{0112DA91-C776-4D0E-9827-ED50CC1338EB}"
EndProject
Project("{FAE04EC0-301F-11D3-BF4B-00C04F79EFBC}") = "Tyuiu.MalcevDV.Sprint0.Task5.V0.Test", "Tyuiu.MalcevDV.Sprint0.Task5.V0.Test\Tyuiu.MalcevDV.Sprint0.Task5.V0.Test.csproj", "{9D152FB5-B77B-496C-9A75-848B1BA18E98}"
EndProject
Project("{2150E333-8FDC-42A3-9474-1A3956D46DE8}") = "Task6", "Task6", "{9A9ADD34-2EA2-49E2-BF22-217A9779D4ED}"
EndProject
Project("{FAE04EC0-301F-11D3-BF4B-00C04F79EFBC}") = "Tyuiu.MalcevDV.Sprit0.Task6.V0", "Tyuiu.MalcevDV.Sprit0.Task6.V0\Tyuiu.MalcevDV.Sprit0.Task6.V0.csproj", "{8AE30917-44CE-4744-89A5-6FE9A8D375E9}"
EndProject
Project("{FAE04EC0-301F-11D3-BF4B-00C04F79EFBC}") = "Tyuiu.MalcevDV.Sprit0.Task6.V0.Test", "Tyuiu.MalcevDV.Sprit0.Task6.V0.Test\Tyuiu.MalcevDV.Sprit0.Task6.V0.Test.csproj", "{C440770E-0581-4B55-B63A-A1E21A2EE7E9}"
EndProject
Project("{FAE04EC0-301F-11D3-BF4B-00C04F79EFBC}") = "Tyuiu.MalcevDV.Sprit0.Task6.V0.Lib", "Tyuiu.MalcevDV.Sprit0.Task6.V0.Lib\Tyuiu.MalcevDV.Sprit0.Task6.V0.Lib.csproj", "{12B31C98-C76E-4E51-A1A4-F89CC0A9C21C}"
EndProject
Global
	GlobalSection(SolutionConfigurationPlatforms) = preSolution
		Debug|Any CPU = Debug|Any CPU
		Release|Any CPU = Release|Any CPU
	EndGlobalSection
	GlobalSection(ProjectConfigurationPlatforms) = postSolution
		{36863EEA-DF77-47E0-A786-5D0B95A3F5AD}.Debug|Any CPU.ActiveCfg = Debug|Any CPU
		{36863EEA-DF77-47E0-A786-5D0B95A3F5AD}.Debug|Any CPU.Build.0 = Debug|Any CPU
		{36863EEA-DF77-47E0-A786-5D0B95A3F5AD}.Release|Any CPU.ActiveCfg = Release|Any CPU
		{36863EEA-DF77-47E0-A786-5D0B95A3F5AD}.Release|Any CPU.Build.0 = Release|Any CPU
		{CB5F0508-741B-4580-997B-3052B81A07B7}.Debug|Any CPU.ActiveCfg = Debug|Any CPU
		{CB5F0508-741B-4580-997B-3052B81A07B7}.Debug|Any CPU.Build.0 = Debug|Any CPU
		{CB5F0508-741B-4580-997B-3052B81A07B7}.Release|Any CPU.ActiveCfg = Release|Any CPU
		{CB5F0508-741B-4580-997B-3052B81A07B7}.Release|Any CPU.Build.0 = Release|Any CPU
		{6340839C-0A39-4265-A8B0-4D77210BFBE5}.Debug|Any CPU.ActiveCfg = Debug|Any CPU
		{6340839C-0A39-4265-A8B0-4D77210BFBE5}.Debug|Any CPU.Build.0 = Debug|Any CPU
		{6340839C-0A39-4265-A8B0-4D77210BFBE5}.Release|Any CPU.ActiveCfg = Release|Any CPU
		{6340839C-0A39-4265-A8B0-4D77210BFBE5}.Release|Any CPU.Build.0 = Release|Any CPU
		{7554670F-DEE0-44E3-93BE-21C455F16F95}.Debug|Any CPU.ActiveCfg = Debug|Any CPU
		{7554670F-DEE0-44E3-93BE-21C455F16F95}.Debug|Any CPU.Build.0 = Debug|Any CPU
		{7554670F-DEE0-44E3-93BE-21C455F16F95}.Release|Any CPU.ActiveCfg = Release|Any CPU
		{7554670F-DEE0-44E3-93BE-21C455F16F95}.Release|Any CPU.Build.0 = Release|Any CPU
		{C0FD6516-315E-4412-AD4C-4D9C4232643E}.Debug|Any CPU.ActiveCfg = Debug|Any CPU
		{C0FD6516-315E-4412-AD4C-4D9C4232643E}.Debug|Any CPU.Build.0 = Debug|Any CPU
		{C0FD6516-315E-4412-AD4C-4D9C4232643E}.Release|Any CPU.ActiveCfg = Release|Any CPU
		{C0FD6516-315E-4412-AD4C-4D9C4232643E}.Release|Any CPU.Build.0 = Release|Any CPU
		{06A0FB43-E332-4AFF-BF37-3453A396299D}.Debug|Any CPU.ActiveCfg = Debug|Any CPU
		{06A0FB43-E332-4AFF-BF37-3453A396299D}.Debug|Any CPU.Build.0 = Debug|Any CPU
		{06A0FB43-E332-4AFF-BF37-3453A396299D}.Release|Any CPU.ActiveCfg = Release|Any CPU
		{06A0FB43-E332-4AFF-BF37-3453A396299D}.Release|Any CPU.Build.0 = Release|Any CPU
		{4A6E83EA-BF0C-4968-A316-4D121A42EF32}.Debug|Any CPU.ActiveCfg = Debug|Any CPU
		{4A6E83EA-BF0C-4968-A316-4D121A42EF32}.Debug|Any CPU.Build.0 = Debug|Any CPU
		{4A6E83EA-BF0C-4968-A316-4D121A42EF32}.Release|Any CPU.ActiveCfg = Release|Any CPU
		{4A6E83EA-BF0C-4968-A316-4D121A42EF32}.Release|Any CPU.Build.0 = Release|Any CPU
		{44E03169-158A-4522-9F2C-412955689685}.Debug|Any CPU.ActiveCfg = Debug|Any CPU
		{44E03169-158A-4522-9F2C-412955689685}.Debug|Any CPU.Build.0 = Debug|Any CPU
		{44E03169-158A-4522-9F2C-412955689685}.Release|Any CPU.ActiveCfg = Release|Any CPU
		{44E03169-158A-4522-9F2C-412955689685}.Release|Any CPU.Build.0 = Release|Any CPU
		{6D93113C-35F1-4489-9A76-47E96DE4CBFB}.Debug|Any CPU.ActiveCfg = Debug|Any CPU
		{6D93113C-35F1-4489-9A76-47E96DE4CBFB}.Debug|Any CPU.Build.0 = Debug|Any CPU
		{6D93113C-35F1-4489-9A76-47E96DE4CBFB}.Release|Any CPU.ActiveCfg = Release|Any CPU
		{6D93113C-35F1-4489-9A76-47E96DE4CBFB}.Release|Any CPU.Build.0 = Release|Any CPU
		{17E57AAB-1E53-479F-A566-07D246D0B7CF}.Debug|Any CPU.ActiveCfg = Debug|Any CPU
		{17E57AAB-1E53-479F-A566-07D246D0B7CF}.Debug|Any CPU.Build.0 = Debug|Any CPU
		{17E57AAB-1E53-479F-A566-07D246D0B7CF}.Release|Any CPU.ActiveCfg = Release|Any CPU
		{17E57AAB-1E53-479F-A566-07D246D0B7CF}.Release|Any CPU.Build.0 = Release|Any CPU
		{0E4BC031-92E4-46C8-A935-47D7107154DB}.Debug|Any CPU.ActiveCfg = Debug|Any CPU
		{0E4BC031-92E4-46C8-A935-47D7107154DB}.Debug|Any CPU.Build.0 = Debug|Any CPU
		{0E4BC031-92E4-46C8-A935-47D7107154DB}.Release|Any CPU.ActiveCfg = Release|Any CPU
		{0E4BC031-92E4-46C8-A935-47D7107154DB}.Release|Any CPU.Build.0 = Release|Any CPU
		{5A4A1AF6-2140-42D4-AB56-8101DF322BD4}.Debug|Any CPU.ActiveCfg = Debug|Any CPU
		{5A4A1AF6-2140-42D4-AB56-8101DF322BD4}.Debug|Any CPU.Build.0 = Debug|Any CPU
		{5A4A1AF6-2140-42D4-AB56-8101DF322BD4}.Release|Any CPU.ActiveCfg = Release|Any CPU
		{5A4A1AF6-2140-42D4-AB56-8101DF322BD4}.Release|Any CPU.Build.0 = Release|Any CPU
		{0112DA91-C776-4D0E-9827-ED50CC1338EB}.Debug|Any CPU.ActiveCfg = Debug|Any CPU
		{0112DA91-C776-4D0E-9827-ED50CC1338EB}.Debug|Any CPU.Build.0 = Debug|Any CPU
		{0112DA91-C776-4D0E-9827-ED50CC1338EB}.Release|Any CPU.ActiveCfg = Release|Any CPU
		{0112DA91-C776-4D0E-9827-ED50CC1338EB}.Release|Any CPU.Build.0 = Release|Any CPU
		{9D152FB5-B77B-496C-9A75-848B1BA18E98}.Debug|Any CPU.ActiveCfg = Debug|Any CPU
		{9D152FB5-B77B-496C-9A75-848B1BA18E98}.Debug|Any CPU.Build.0 = Debug|Any CPU
		{9D152FB5-B77B-496C-9A75-848B1BA18E98}.Release|Any CPU.ActiveCfg = Release|Any CPU
		{9D152FB5-B77B-496C-9A75-848B1BA18E98}.Release|Any CPU.Build.0 = Release|Any CPU
		{8AE30917-44CE-4744-89A5-6FE9A8D375E9}.Debug|Any CPU.ActiveCfg = Debug|Any CPU
		{8AE30917-44CE-4744-89A5-6FE9A8D375E9}.Debug|Any CPU.Build.0 = Debug|Any CPU
		{8AE30917-44CE-4744-89A5-6FE9A8D375E9}.Release|Any CPU.ActiveCfg = Release|Any CPU
		{8AE30917-44CE-4744-89A5-6FE9A8D375E9}.Release|Any CPU.Build.0 = Release|Any CPU
		{C440770E-0581-4B55-B63A-A1E21A2EE7E9}.Debug|Any CPU.ActiveCfg = Debug|Any CPU
		{C440770E-0581-4B55-B63A-A1E21A2EE7E9}.Debug|Any CPU.Build.0 = Debug|Any CPU
		{C440770E-0581-4B55-B63A-A1E21A2EE7E9}.Release|Any CPU.ActiveCfg = Release|Any CPU
		{C440770E-0581-4B55-B63A-A1E21A2EE7E9}.Release|Any CPU.Build.0 = Release|Any CPU
		{12B31C98-C76E-4E51-A1A4-F89CC0A9C21C}.Debug|Any CPU.ActiveCfg = Debug|Any CPU
		{12B31C98-C76E-4E51-A1A4-F89CC0A9C21C}.Debug|Any CPU.Build.0 = Debug|Any CPU
		{12B31C98-C76E-4E51-A1A4-F89CC0A9C21C}.Release|Any CPU.ActiveCfg = Release|Any CPU
		{12B31C98-C76E-4E51-A1A4-F89CC0A9C21C}.Release|Any CPU.Build.0 = Release|Any CPU
	EndGlobalSection
	GlobalSection(SolutionProperties) = preSolution
		HideSolutionNode = FALSE
	EndGlobalSection
	GlobalSection(NestedProjects) = preSolution
		{36863EEA-DF77-47E0-A786-5D0B95A3F5AD} = {02EA681E-C7D8-13C7-8484-4AC65E1B71E8}
		{CB5F0508-741B-4580-997B-3052B81A07B7} = {DDE586E3-2822-4F4D-B465-CCE742721713}
		{6340839C-0A39-4265-A8B0-4D77210BFBE5} = {34398F7A-6D04-4EF7-8DCB-9EF4F888C771}
		{7554670F-DEE0-44E3-93BE-21C455F16F95} = {34398F7A-6D04-4EF7-8DCB-9EF4F888C771}
		{C0FD6516-315E-4412-AD4C-4D9C4232643E} = {34398F7A-6D04-4EF7-8DCB-9EF4F888C771}
		{06A0FB43-E332-4AFF-BF37-3453A396299D} = {B10B27A3-9791-4C58-B6E8-A6D97A8AA63D}
		{4A6E83EA-BF0C-4968-A316-4D121A42EF32} = {B10B27A3-9791-4C58-B6E8-A6D97A8AA63D}
		{44E03169-158A-4522-9F2C-412955689685} = {B10B27A3-9791-4C58-B6E8-A6D97A8AA63D}
		{6D93113C-35F1-4489-9A76-47E96DE4CBFB} = {92B013B9-0FD4-4B29-9D2B-E1F8AFEE584B}
		{17E57AAB-1E53-479F-A566-07D246D0B7CF} = {92B013B9-0FD4-4B29-9D2B-E1F8AFEE584B}
		{0E4BC031-92E4-46C8-A935-47D7107154DB} = {92B013B9-0FD4-4B29-9D2B-E1F8AFEE584B}
		{5A4A1AF6-2140-42D4-AB56-8101DF322BD4} = {672C0B32-3A05-4E24-9374-DF39DF5B81F2}
		{0112DA91-C776-4D0E-9827-ED50CC1338EB} = {672C0B32-3A05-4E24-9374-DF39DF5B81F2}
		{9D152FB5-B77B-496C-9A75-848B1BA18E98} = {672C0B32-3A05-4E24-9374-DF39DF5B81F2}
		{8AE30917-44CE-4744-89A5-6FE9A8D375E9} = {9A9ADD34-2EA2-49E2-BF22-217A9779D4ED}
		{C440770E-0581-4B55-B63A-A1E21A2EE7E9} = {9A9ADD34-2EA2-49E2-BF22-217A9779D4ED}
		{12B31C98-C76E-4E51-A1A4-F89CC0A9C21C} = {9A9ADD34-2EA2-49E2-BF22-217A9779D4ED}
	EndGlobalSection
	GlobalSection(ExtensibilityGlobals) = postSolution
		SolutionGuid = {1602DD03-5F35-4CF8-9DE8-F8C043F701E2}
	EndGlobalSection
EndGlobal
